
Microsoft Visual Studio Solution File, Format Version 12.00
# Visual Studio Version 17
VisualStudioVersion = 17.2.32616.157
MinimumVisualStudioVersion = 10.0.40219.1
Project("{9A19103F-16F7-4668-BE54-9A1E7A4F7556}") = "Music", "src\Music\Music.csproj", "{EB8B62E6-C1C4-4497-A31B-CC4291D0CA82}"
EndProject
Project("{9A19103F-16F7-4668-BE54-9A1E7A4F7556}") = "Music.Data", "src\Music.Data\Music.Data.csproj", "{08406827-267D-404A-A03A-F41F8DBFAA41}"
EndProject
Global
	GlobalSection(SolutionConfigurationPlatforms) = preSolution
		Debug|Any CPU = Debug|Any CPU
		Release|Any CPU = Release|Any CPU
	EndGlobalSection
	GlobalSection(ProjectConfigurationPlatforms) = postSolution
		{EB8B62E6-C1C4-4497-A31B-CC4291D0CA82}.Debug|Any CPU.ActiveCfg = Debug|Any CPU
		{EB8B62E6-C1C4-4497-A31B-CC4291D0CA82}.Debug|Any CPU.Build.0 = Debug|Any CPU
		{EB8B62E6-C1C4-4497-A31B-CC4291D0CA82}.Release|Any CPU.ActiveCfg = Release|Any CPU
		{EB8B62E6-C1C4-4497-A31B-CC4291D0CA82}.Release|Any CPU.Build.0 = Release|Any CPU
		{08406827-267D-404A-A03A-F41F8DBFAA41}.Debug|Any CPU.ActiveCfg = Debug|Any CPU
		{08406827-267D-404A-A03A-F41F8DBFAA41}.Debug|Any CPU.Build.0 = Debug|Any CPU
		{08406827-267D-404A-A03A-F41F8DBFAA41}.Release|Any CPU.ActiveCfg = Release|Any CPU
		{08406827-267D-404A-A03A-F41F8DBFAA41}.Release|Any CPU.Build.0 = Release|Any CPU
	EndGlobalSection
	GlobalSection(SolutionProperties) = preSolution
		HideSolutionNode = FALSE
	EndGlobalSection
	GlobalSection(ExtensibilityGlobals) = postSolution
		SolutionGuid = {99CAC57C-9935-462F-9D48-B61CD8494EE1}
	EndGlobalSection
EndGlobal
